
Microsoft Visual Studio Solution File, Format Version 12.00
# Visual Studio Version 17
VisualStudioVersion = 17.13.35806.99
MinimumVisualStudioVersion = 10.0.40219.1
Project("{FAE04EC0-301F-11D3-BF4B-00C04F79EFBC}") = "Micro.Console", "Micro.Console\Micro.Console.csproj", "{B9348E39-C7EF-4FAA-A81B-3A40AB550CD6}"
EndProject
Project("{FAE04EC0-301F-11D3-BF4B-00C04F79EFBC}") = "Micro.CodeGen", "Micro.CodeGen\Micro.CodeGen.csproj", "{117AD289-AA75-417D-B124-D2B9C97B0461}"
EndProject
Project("{FAE04EC0-301F-11D3-BF4B-00C04F79EFBC}") = "Micro.Core", "Micro.Core\Micro.Core.csproj", "{FDA42A6A-84BB-4323-A64C-BC417655F644}"
EndProject
Project("{FAE04EC0-301F-11D3-BF4B-00C04F79EFBC}") = "Micro.Common", "Micro.Common\Micro.Common.csproj", "{9B2C638C-CA7D-4637-B3BB-09028507B3B8}"
EndProject
Project("{FAE04EC0-301F-11D3-BF4B-00C04F79EFBC}") = "Micro.CodeGen.Tests", "Micro.CodeGen.Tests\Micro.CodeGen.Tests.csproj", "{683939EF-2862-4A60-8F06-A628D15DAB1C}"
EndProject
Global
	GlobalSection(SolutionConfigurationPlatforms) = preSolution
		Debug|Any CPU = Debug|Any CPU
		Release|Any CPU = Release|Any CPU
	EndGlobalSection
	GlobalSection(ProjectConfigurationPlatforms) = postSolution
		{B9348E39-C7EF-4FAA-A81B-3A40AB550CD6}.Debug|Any CPU.ActiveCfg = Debug|Any CPU
		{B9348E39-C7EF-4FAA-A81B-3A40AB550CD6}.Debug|Any CPU.Build.0 = Debug|Any CPU
		{B9348E39-C7EF-4FAA-A81B-3A40AB550CD6}.Release|Any CPU.ActiveCfg = Release|Any CPU
		{B9348E39-C7EF-4FAA-A81B-3A40AB550CD6}.Release|Any CPU.Build.0 = Release|Any CPU
		{117AD289-AA75-417D-B124-D2B9C97B0461}.Debug|Any CPU.ActiveCfg = Debug|Any CPU
		{117AD289-AA75-417D-B124-D2B9C97B0461}.Debug|Any CPU.Build.0 = Debug|Any CPU
		{117AD289-AA75-417D-B124-D2B9C97B0461}.Release|Any CPU.ActiveCfg = Release|Any CPU
		{117AD289-AA75-417D-B124-D2B9C97B0461}.Release|Any CPU.Build.0 = Release|Any CPU
		{FDA42A6A-84BB-4323-A64C-BC417655F644}.Debug|Any CPU.ActiveCfg = Debug|Any CPU
		{FDA42A6A-84BB-4323-A64C-BC417655F644}.Debug|Any CPU.Build.0 = Debug|Any CPU
		{FDA42A6A-84BB-4323-A64C-BC417655F644}.Release|Any CPU.ActiveCfg = Release|Any CPU
		{FDA42A6A-84BB-4323-A64C-BC417655F644}.Release|Any CPU.Build.0 = Release|Any CPU
		{9B2C638C-CA7D-4637-B3BB-09028507B3B8}.Debug|Any CPU.ActiveCfg = Debug|Any CPU
		{9B2C638C-CA7D-4637-B3BB-09028507B3B8}.Debug|Any CPU.Build.0 = Debug|Any CPU
		{9B2C638C-CA7D-4637-B3BB-09028507B3B8}.Release|Any CPU.ActiveCfg = Release|Any CPU
		{9B2C638C-CA7D-4637-B3BB-09028507B3B8}.Release|Any CPU.Build.0 = Release|Any CPU
		{683939EF-2862-4A60-8F06-A628D15DAB1C}.Debug|Any CPU.ActiveCfg = Debug|Any CPU
		{683939EF-2862-4A60-8F06-A628D15DAB1C}.Debug|Any CPU.Build.0 = Debug|Any CPU
		{683939EF-2862-4A60-8F06-A628D15DAB1C}.Release|Any CPU.ActiveCfg = Release|Any CPU
		{683939EF-2862-4A60-8F06-A628D15DAB1C}.Release|Any CPU.Build.0 = Release|Any CPU
	EndGlobalSection
	GlobalSection(SolutionProperties) = preSolution
		HideSolutionNode = FALSE
	EndGlobalSection
	GlobalSection(ExtensibilityGlobals) = postSolution
		SolutionGuid = {B0EF311E-A8F1-49DF-BB56-978AA6229EAB}
	EndGlobalSection
EndGlobal
