
Microsoft Visual Studio Solution File, Format Version 12.00
# Visual Studio Version 17
VisualStudioVersion = 17.13.35806.99
MinimumVisualStudioVersion = 10.0.40219.1
Project("{FAE04EC0-301F-11D3-BF4B-00C04F79EFBC}") = "Micro.Server", "Micro.Server\Micro.Server.csproj", "{117AD289-AA75-417D-B124-D2B9C97B0461}"
EndProject
Project("{FAE04EC0-301F-11D3-BF4B-00C04F79EFBC}") = "Micro.Tests", "Micro.Tests\Micro.Tests.csproj", "{683939EF-2862-4A60-8F06-A628D15DAB1C}"
EndProject
Project("{2150E333-8FDC-42A3-9474-1A3956D46DE8}") = "0. Solution Items", "0. Solution Items", "{8EC462FD-D22E-90A8-E5CE-7E832BA40C5D}"
	ProjectSection(SolutionItems) = preProject
		README.md = README.md
	EndProjectSection
EndProject
Project("{2150E333-8FDC-42A3-9474-1A3956D46DE8}") = "2. Dev", "2. Dev", "{02EA681E-C7D8-13C7-8484-4AC65E1B71E8}"
EndProject
Project("{2150E333-8FDC-42A3-9474-1A3956D46DE8}") = "1. Tests", "1. Tests", "{D0ED7187-0791-4367-9371-66FAF9CACBB5}"
EndProject
Project("{FAE04EC0-301F-11D3-BF4B-00C04F79EFBC}") = "Micro.Dev.Lambda", "Micro.Dev.Lambda\src\Micro.Dev.Lambda\Micro.Dev.Lambda.csproj", "{FF15118A-1B6A-4009-9ABA-D5C4ED3B8B2D}"
EndProject
Project("{FAE04EC0-301F-11D3-BF4B-00C04F79EFBC}") = "MicroDevCdk", "Micro.Dev.Cdk\src\MicroDevCdk\MicroDevCdk.csproj", "{68D1B3D0-A07E-E847-A53B-34BC24C0AA37}"
EndProject
Project("{FAE04EC0-301F-11D3-BF4B-00C04F79EFBC}") = "Micro.Core", "Micro.Core\Micro.Core.csproj", "{E3C0CE26-28C1-49C7-BF54-53F1D69202B4}"
EndProject
Project("{FAE04EC0-301F-11D3-BF4B-00C04F79EFBC}") = "Micro", "Micro\Micro.csproj", "{85020F4D-8833-44A5-8933-E9BF01CF8AFE}"
EndProject
Project("{FAE04EC0-301F-11D3-BF4B-00C04F79EFBC}") = "Micro.DevServer", "Micro.DevServer\Micro.DevServer.csproj", "{151EAFD8-2004-0E99-FE13-8860B43F30E5}"
EndProject
Global
	GlobalSection(SolutionConfigurationPlatforms) = preSolution
		Debug|Any CPU = Debug|Any CPU
		Release|Any CPU = Release|Any CPU
	EndGlobalSection
	GlobalSection(ProjectConfigurationPlatforms) = postSolution
		{117AD289-AA75-417D-B124-D2B9C97B0461}.Debug|Any CPU.ActiveCfg = Debug|Any CPU
		{117AD289-AA75-417D-B124-D2B9C97B0461}.Debug|Any CPU.Build.0 = Debug|Any CPU
		{117AD289-AA75-417D-B124-D2B9C97B0461}.Release|Any CPU.ActiveCfg = Release|Any CPU
		{117AD289-AA75-417D-B124-D2B9C97B0461}.Release|Any CPU.Build.0 = Release|Any CPU
		{683939EF-2862-4A60-8F06-A628D15DAB1C}.Debug|Any CPU.ActiveCfg = Debug|Any CPU
		{683939EF-2862-4A60-8F06-A628D15DAB1C}.Debug|Any CPU.Build.0 = Debug|Any CPU
		{683939EF-2862-4A60-8F06-A628D15DAB1C}.Release|Any CPU.ActiveCfg = Release|Any CPU
		{683939EF-2862-4A60-8F06-A628D15DAB1C}.Release|Any CPU.Build.0 = Release|Any CPU
		{FF15118A-1B6A-4009-9ABA-D5C4ED3B8B2D}.Debug|Any CPU.ActiveCfg = Debug|Any CPU
		{FF15118A-1B6A-4009-9ABA-D5C4ED3B8B2D}.Debug|Any CPU.Build.0 = Debug|Any CPU
		{FF15118A-1B6A-4009-9ABA-D5C4ED3B8B2D}.Release|Any CPU.ActiveCfg = Release|Any CPU
		{FF15118A-1B6A-4009-9ABA-D5C4ED3B8B2D}.Release|Any CPU.Build.0 = Release|Any CPU
		{68D1B3D0-A07E-E847-A53B-34BC24C0AA37}.Debug|Any CPU.ActiveCfg = Debug|Any CPU
		{68D1B3D0-A07E-E847-A53B-34BC24C0AA37}.Debug|Any CPU.Build.0 = Debug|Any CPU
		{68D1B3D0-A07E-E847-A53B-34BC24C0AA37}.Release|Any CPU.ActiveCfg = Release|Any CPU
		{68D1B3D0-A07E-E847-A53B-34BC24C0AA37}.Release|Any CPU.Build.0 = Release|Any CPU
		{E3C0CE26-28C1-49C7-BF54-53F1D69202B4}.Debug|Any CPU.ActiveCfg = Debug|Any CPU
		{E3C0CE26-28C1-49C7-BF54-53F1D69202B4}.Debug|Any CPU.Build.0 = Debug|Any CPU
		{E3C0CE26-28C1-49C7-BF54-53F1D69202B4}.Release|Any CPU.ActiveCfg = Release|Any CPU
		{E3C0CE26-28C1-49C7-BF54-53F1D69202B4}.Release|Any CPU.Build.0 = Release|Any CPU
		{85020F4D-8833-44A5-8933-E9BF01CF8AFE}.Debug|Any CPU.ActiveCfg = Debug|Any CPU
		{85020F4D-8833-44A5-8933-E9BF01CF8AFE}.Debug|Any CPU.Build.0 = Debug|Any CPU
		{85020F4D-8833-44A5-8933-E9BF01CF8AFE}.Release|Any CPU.ActiveCfg = Release|Any CPU
		{85020F4D-8833-44A5-8933-E9BF01CF8AFE}.Release|Any CPU.Build.0 = Release|Any CPU
		{151EAFD8-2004-0E99-FE13-8860B43F30E5}.Debug|Any CPU.ActiveCfg = Debug|Any CPU
		{151EAFD8-2004-0E99-FE13-8860B43F30E5}.Debug|Any CPU.Build.0 = Debug|Any CPU
		{151EAFD8-2004-0E99-FE13-8860B43F30E5}.Release|Any CPU.ActiveCfg = Release|Any CPU
		{151EAFD8-2004-0E99-FE13-8860B43F30E5}.Release|Any CPU.Build.0 = Release|Any CPU
	EndGlobalSection
	GlobalSection(SolutionProperties) = preSolution
		HideSolutionNode = FALSE
	EndGlobalSection
	GlobalSection(NestedProjects) = preSolution
		{683939EF-2862-4A60-8F06-A628D15DAB1C} = {D0ED7187-0791-4367-9371-66FAF9CACBB5}
		{FF15118A-1B6A-4009-9ABA-D5C4ED3B8B2D} = {02EA681E-C7D8-13C7-8484-4AC65E1B71E8}
		{68D1B3D0-A07E-E847-A53B-34BC24C0AA37} = {02EA681E-C7D8-13C7-8484-4AC65E1B71E8}
		{151EAFD8-2004-0E99-FE13-8860B43F30E5} = {02EA681E-C7D8-13C7-8484-4AC65E1B71E8}
	EndGlobalSection
	GlobalSection(ExtensibilityGlobals) = postSolution
		SolutionGuid = {B0EF311E-A8F1-49DF-BB56-978AA6229EAB}
	EndGlobalSection
EndGlobal
